
Microsoft Visual Studio Solution File, Format Version 12.00
# Visual Studio Version 17
VisualStudioVersion = 17.0.31903.59
MinimumVisualStudioVersion = 10.0.40219.1
Project("{9A19103F-16F7-4668-BE54-9A1E7A4F7556}") = "Fundamentals.Basic.Program", "Fundamentals.Basic.Program\Fundamentals.Basic.Program.csproj", "{56AA1D69-77B7-4CC2-9554-785E4EBCD675}"
EndProject
Project("{2150E333-8FDC-42A3-9474-1A3956D46DE8}") = "Solution Items", "Solution Items", "{6AF06D61-CA5D-489F-B0F3-2E42EE662C16}"
	ProjectSection(SolutionItems) = preProject
		README.md = README.md
	EndProjectSection
EndProject
Project("{9A19103F-16F7-4668-BE54-9A1E7A4F7556}") = "Fundamentals.StringManipulation", "Fundamentals.StringManipulation\Fundamentals.StringManipulation.csproj", "{C22C00AC-2452-4988-9A7A-8B8A9C50AAFB}"
EndProject
Project("{9A19103F-16F7-4668-BE54-9A1E7A4F7556}") = "Classes", "Classes\Classes.csproj", "{8449156B-27EE-49F7-9B77-2DC27A3C0EF9}"
EndProject
Project("{9A19103F-16F7-4668-BE54-9A1E7A4F7556}") = "inheritanceExamplePublication", "inheritanceExamplePublication\inheritanceExamplePublication.csproj", "{9F4354EC-763C-48D7-967C-180351003F0F}"
EndProject
Project("{9A19103F-16F7-4668-BE54-9A1E7A4F7556}") = "PatternMatchingDemo", "PatternMatchingDemo\PatternMatchingDemo.csproj", "{0A0E4DE3-9243-40D7-8A45-2ED2594F75F6}"
EndProject
Project("{9A19103F-16F7-4668-BE54-9A1E7A4F7556}") = "Error.Handling", "Error.Handling\Error.Handling.csproj", "{FC1CCDD8-8289-4F9C-8DF5-4D1AC96E9C16}"
EndProject
Project("{9A19103F-16F7-4668-BE54-9A1E7A4F7556}") = "TuplesDemo", "TuplesDemo\TuplesDemo.csproj", "{DE9B8045-74A6-41F5-8D51-E0221B216F82}"
EndProject
Project("{9A19103F-16F7-4668-BE54-9A1E7A4F7556}") = "Calculator", "Calculator\Calculator.csproj", "{8B98CF1B-6344-4930-8FF5-1DD428877082}"
EndProject
Project("{9A19103F-16F7-4668-BE54-9A1E7A4F7556}") = "CalculatorLibrary", "CalculatorLibrary\CalculatorLibrary.csproj", "{C49D8FC1-0587-4DDD-B559-1B51F7E82F2A}"
EndProject
Project("{FAE04EC0-301F-11D3-BF4B-00C04F79EFBC}") = "Generics.Demo.Program", "Generics.Demo.Program\Generics.Demo.Program.csproj", "{37BAE820-6B6A-4BB7-B969-ACC6A7FD50F3}"
EndProject
Global
	GlobalSection(SolutionConfigurationPlatforms) = preSolution
		Debug|Any CPU = Debug|Any CPU
		Release|Any CPU = Release|Any CPU
	EndGlobalSection
	GlobalSection(ProjectConfigurationPlatforms) = postSolution
		{56AA1D69-77B7-4CC2-9554-785E4EBCD675}.Debug|Any CPU.ActiveCfg = Debug|Any CPU
		{56AA1D69-77B7-4CC2-9554-785E4EBCD675}.Debug|Any CPU.Build.0 = Debug|Any CPU
		{56AA1D69-77B7-4CC2-9554-785E4EBCD675}.Release|Any CPU.ActiveCfg = Release|Any CPU
		{56AA1D69-77B7-4CC2-9554-785E4EBCD675}.Release|Any CPU.Build.0 = Release|Any CPU
		{C22C00AC-2452-4988-9A7A-8B8A9C50AAFB}.Debug|Any CPU.ActiveCfg = Debug|Any CPU
		{C22C00AC-2452-4988-9A7A-8B8A9C50AAFB}.Debug|Any CPU.Build.0 = Debug|Any CPU
		{C22C00AC-2452-4988-9A7A-8B8A9C50AAFB}.Release|Any CPU.ActiveCfg = Release|Any CPU
		{C22C00AC-2452-4988-9A7A-8B8A9C50AAFB}.Release|Any CPU.Build.0 = Release|Any CPU
		{8449156B-27EE-49F7-9B77-2DC27A3C0EF9}.Debug|Any CPU.ActiveCfg = Debug|Any CPU
		{8449156B-27EE-49F7-9B77-2DC27A3C0EF9}.Debug|Any CPU.Build.0 = Debug|Any CPU
		{8449156B-27EE-49F7-9B77-2DC27A3C0EF9}.Release|Any CPU.ActiveCfg = Release|Any CPU
		{8449156B-27EE-49F7-9B77-2DC27A3C0EF9}.Release|Any CPU.Build.0 = Release|Any CPU
		{9F4354EC-763C-48D7-967C-180351003F0F}.Debug|Any CPU.ActiveCfg = Debug|Any CPU
		{9F4354EC-763C-48D7-967C-180351003F0F}.Debug|Any CPU.Build.0 = Debug|Any CPU
		{9F4354EC-763C-48D7-967C-180351003F0F}.Release|Any CPU.ActiveCfg = Release|Any CPU
		{9F4354EC-763C-48D7-967C-180351003F0F}.Release|Any CPU.Build.0 = Release|Any CPU
		{0A0E4DE3-9243-40D7-8A45-2ED2594F75F6}.Debug|Any CPU.ActiveCfg = Debug|Any CPU
		{0A0E4DE3-9243-40D7-8A45-2ED2594F75F6}.Debug|Any CPU.Build.0 = Debug|Any CPU
		{0A0E4DE3-9243-40D7-8A45-2ED2594F75F6}.Release|Any CPU.ActiveCfg = Release|Any CPU
		{0A0E4DE3-9243-40D7-8A45-2ED2594F75F6}.Release|Any CPU.Build.0 = Release|Any CPU
		{FC1CCDD8-8289-4F9C-8DF5-4D1AC96E9C16}.Debug|Any CPU.ActiveCfg = Debug|Any CPU
		{FC1CCDD8-8289-4F9C-8DF5-4D1AC96E9C16}.Debug|Any CPU.Build.0 = Debug|Any CPU
		{FC1CCDD8-8289-4F9C-8DF5-4D1AC96E9C16}.Release|Any CPU.ActiveCfg = Release|Any CPU
		{FC1CCDD8-8289-4F9C-8DF5-4D1AC96E9C16}.Release|Any CPU.Build.0 = Release|Any CPU
		{DE9B8045-74A6-41F5-8D51-E0221B216F82}.Debug|Any CPU.ActiveCfg = Debug|Any CPU
		{DE9B8045-74A6-41F5-8D51-E0221B216F82}.Debug|Any CPU.Build.0 = Debug|Any CPU
		{DE9B8045-74A6-41F5-8D51-E0221B216F82}.Release|Any CPU.ActiveCfg = Release|Any CPU
		{DE9B8045-74A6-41F5-8D51-E0221B216F82}.Release|Any CPU.Build.0 = Release|Any CPU
		{8B98CF1B-6344-4930-8FF5-1DD428877082}.Debug|Any CPU.ActiveCfg = Debug|Any CPU
		{8B98CF1B-6344-4930-8FF5-1DD428877082}.Debug|Any CPU.Build.0 = Debug|Any CPU
		{8B98CF1B-6344-4930-8FF5-1DD428877082}.Release|Any CPU.ActiveCfg = Release|Any CPU
		{8B98CF1B-6344-4930-8FF5-1DD428877082}.Release|Any CPU.Build.0 = Release|Any CPU
		{C49D8FC1-0587-4DDD-B559-1B51F7E82F2A}.Debug|Any CPU.ActiveCfg = Debug|Any CPU
		{C49D8FC1-0587-4DDD-B559-1B51F7E82F2A}.Debug|Any CPU.Build.0 = Debug|Any CPU
		{C49D8FC1-0587-4DDD-B559-1B51F7E82F2A}.Release|Any CPU.ActiveCfg = Release|Any CPU
		{C49D8FC1-0587-4DDD-B559-1B51F7E82F2A}.Release|Any CPU.Build.0 = Release|Any CPU
		{37BAE820-6B6A-4BB7-B969-ACC6A7FD50F3}.Debug|Any CPU.ActiveCfg = Debug|Any CPU
		{37BAE820-6B6A-4BB7-B969-ACC6A7FD50F3}.Debug|Any CPU.Build.0 = Debug|Any CPU
		{37BAE820-6B6A-4BB7-B969-ACC6A7FD50F3}.Release|Any CPU.ActiveCfg = Release|Any CPU
		{37BAE820-6B6A-4BB7-B969-ACC6A7FD50F3}.Release|Any CPU.Build.0 = Release|Any CPU
	EndGlobalSection
	GlobalSection(SolutionProperties) = preSolution
		HideSolutionNode = FALSE
	EndGlobalSection
	GlobalSection(ExtensibilityGlobals) = postSolution
		SolutionGuid = {BD467AA6-E916-4BE7-8AA7-CA2AA709DD8B}
	EndGlobalSection
EndGlobal
